
Microsoft Visual Studio Solution File, Format Version 12.00
# Visual Studio 14
VisualStudioVersion = 14.0.25420.1
MinimumVisualStudioVersion = 10.0.40219.1
Project("{FAE04EC0-301F-11D3-BF4B-00C04F79EFBC}") = "Restaurant.Api", "Restaurant.Api\Restaurant.Api.csproj", "{4107F1B7-E65B-4A72-8DC5-13C944438314}"
EndProject
Project("{FAE04EC0-301F-11D3-BF4B-00C04F79EFBC}") = "Restaurant.Application", "Restaurant.Application\Restaurant.Application.csproj", "{BD269E76-FB08-4873-AC2A-5DD6BA8A7F71}"
EndProject
Project("{FAE04EC0-301F-11D3-BF4B-00C04F79EFBC}") = "Restaurant.CrossCutting", "Restaurant.CrossCutting\Restaurant.CrossCutting.csproj", "{FBA7C00D-B7A4-4B49-9023-1CFC4A177ACE}"
EndProject
Project("{FAE04EC0-301F-11D3-BF4B-00C04F79EFBC}") = "Restaurant.Data", "Restaurant.Data\Restaurant.Data.csproj", "{9EB1E197-BB67-4143-8F17-1776B9CFDC37}"
EndProject
Project("{FAE04EC0-301F-11D3-BF4B-00C04F79EFBC}") = "Restaurant.Domain", "Restaurant.Domain\Restaurant.Domain.csproj", "{69E81CA4-E059-4E48-8DB7-693BBCF2FAED}"
EndProject
Project("{FAE04EC0-301F-11D3-BF4B-00C04F79EFBC}") = "Restaurant.SharedKernel", "Restaurant.SharedKernel\Restaurant.SharedKernel.csproj", "{630B450A-A0F1-4FAD-B0C0-8AE7B11A66D1}"
EndProject
Project("{2150E333-8FDC-42A3-9474-1A3956D46DE8}") = "1 - Presentation", "1 - Presentation", "{04924136-FAB6-4CC6-AE2C-B3B6583C7A13}"
EndProject
Project("{2150E333-8FDC-42A3-9474-1A3956D46DE8}") = "1.1 - Web", "1.1 - Web", "{49698040-0117-4FD8-BE62-C8E281560351}"
EndProject
Project("{2150E333-8FDC-42A3-9474-1A3956D46DE8}") = "1.2 - Api", "1.2 - Api", "{326A261E-EA37-4810-BF44-B05FFC1632E1}"
EndProject
Project("{2150E333-8FDC-42A3-9474-1A3956D46DE8}") = "2 - Application Services", "2 - Application Services", "{9435F9E0-4892-4F41-882E-FF898F44F22D}"
EndProject
Project("{2150E333-8FDC-42A3-9474-1A3956D46DE8}") = "3 - Domain", "3 - Domain", "{8D9B477A-5412-49F3-AF3C-ED36349BDF61}"
EndProject
Project("{2150E333-8FDC-42A3-9474-1A3956D46DE8}") = "4 - Infra", "4 - Infra", "{4843E296-70BF-432D-B186-9E98ACE6B53C}"
EndProject
Project("{2150E333-8FDC-42A3-9474-1A3956D46DE8}") = "4.1 - Data", "4.1 - Data", "{747E7DAD-06EB-4C0B-BA45-9AD29302662C}"
EndProject
Project("{2150E333-8FDC-42A3-9474-1A3956D46DE8}") = "4.2 - CrossCutting", "4.2 - CrossCutting", "{7D94BC8D-8347-46AC-818C-B9F59A1D1E03}"
EndProject
Project("{FAE04EC0-301F-11D3-BF4B-00C04F79EFBC}") = "Restaurant.Web", "Restaurant.Web\Restaurant.Web.csproj", "{BBD32458-B1FC-46AB-A1CB-C53E615D0468}"
EndProject
Global
	GlobalSection(SolutionConfigurationPlatforms) = preSolution
		Debug|Any CPU = Debug|Any CPU
		Release|Any CPU = Release|Any CPU
	EndGlobalSection
	GlobalSection(ProjectConfigurationPlatforms) = postSolution
		{4107F1B7-E65B-4A72-8DC5-13C944438314}.Debug|Any CPU.ActiveCfg = Debug|Any CPU
		{4107F1B7-E65B-4A72-8DC5-13C944438314}.Debug|Any CPU.Build.0 = Debug|Any CPU
		{4107F1B7-E65B-4A72-8DC5-13C944438314}.Release|Any CPU.ActiveCfg = Release|Any CPU
		{4107F1B7-E65B-4A72-8DC5-13C944438314}.Release|Any CPU.Build.0 = Release|Any CPU
		{BD269E76-FB08-4873-AC2A-5DD6BA8A7F71}.Debug|Any CPU.ActiveCfg = Debug|Any CPU
		{BD269E76-FB08-4873-AC2A-5DD6BA8A7F71}.Debug|Any CPU.Build.0 = Debug|Any CPU
		{BD269E76-FB08-4873-AC2A-5DD6BA8A7F71}.Release|Any CPU.ActiveCfg = Release|Any CPU
		{BD269E76-FB08-4873-AC2A-5DD6BA8A7F71}.Release|Any CPU.Build.0 = Release|Any CPU
		{FBA7C00D-B7A4-4B49-9023-1CFC4A177ACE}.Debug|Any CPU.ActiveCfg = Debug|Any CPU
		{FBA7C00D-B7A4-4B49-9023-1CFC4A177ACE}.Debug|Any CPU.Build.0 = Debug|Any CPU
		{FBA7C00D-B7A4-4B49-9023-1CFC4A177ACE}.Release|Any CPU.ActiveCfg = Release|Any CPU
		{FBA7C00D-B7A4-4B49-9023-1CFC4A177ACE}.Release|Any CPU.Build.0 = Release|Any CPU
		{9EB1E197-BB67-4143-8F17-1776B9CFDC37}.Debug|Any CPU.ActiveCfg = Debug|Any CPU
		{9EB1E197-BB67-4143-8F17-1776B9CFDC37}.Debug|Any CPU.Build.0 = Debug|Any CPU
		{9EB1E197-BB67-4143-8F17-1776B9CFDC37}.Release|Any CPU.ActiveCfg = Release|Any CPU
		{9EB1E197-BB67-4143-8F17-1776B9CFDC37}.Release|Any CPU.Build.0 = Release|Any CPU
		{69E81CA4-E059-4E48-8DB7-693BBCF2FAED}.Debug|Any CPU.ActiveCfg = Debug|Any CPU
		{69E81CA4-E059-4E48-8DB7-693BBCF2FAED}.Debug|Any CPU.Build.0 = Debug|Any CPU
		{69E81CA4-E059-4E48-8DB7-693BBCF2FAED}.Release|Any CPU.ActiveCfg = Release|Any CPU
		{69E81CA4-E059-4E48-8DB7-693BBCF2FAED}.Release|Any CPU.Build.0 = Release|Any CPU
		{630B450A-A0F1-4FAD-B0C0-8AE7B11A66D1}.Debug|Any CPU.ActiveCfg = Debug|Any CPU
		{630B450A-A0F1-4FAD-B0C0-8AE7B11A66D1}.Debug|Any CPU.Build.0 = Debug|Any CPU
		{630B450A-A0F1-4FAD-B0C0-8AE7B11A66D1}.Release|Any CPU.ActiveCfg = Release|Any CPU
		{630B450A-A0F1-4FAD-B0C0-8AE7B11A66D1}.Release|Any CPU.Build.0 = Release|Any CPU
		{BBD32458-B1FC-46AB-A1CB-C53E615D0468}.Debug|Any CPU.ActiveCfg = Debug|Any CPU
		{BBD32458-B1FC-46AB-A1CB-C53E615D0468}.Debug|Any CPU.Build.0 = Debug|Any CPU
		{BBD32458-B1FC-46AB-A1CB-C53E615D0468}.Release|Any CPU.ActiveCfg = Release|Any CPU
		{BBD32458-B1FC-46AB-A1CB-C53E615D0468}.Release|Any CPU.Build.0 = Release|Any CPU
	EndGlobalSection
	GlobalSection(SolutionProperties) = preSolution
		HideSolutionNode = FALSE
	EndGlobalSection
	GlobalSection(NestedProjects) = preSolution
		{4107F1B7-E65B-4A72-8DC5-13C944438314} = {326A261E-EA37-4810-BF44-B05FFC1632E1}
		{BD269E76-FB08-4873-AC2A-5DD6BA8A7F71} = {9435F9E0-4892-4F41-882E-FF898F44F22D}
		{FBA7C00D-B7A4-4B49-9023-1CFC4A177ACE} = {7D94BC8D-8347-46AC-818C-B9F59A1D1E03}
		{9EB1E197-BB67-4143-8F17-1776B9CFDC37} = {747E7DAD-06EB-4C0B-BA45-9AD29302662C}
		{69E81CA4-E059-4E48-8DB7-693BBCF2FAED} = {8D9B477A-5412-49F3-AF3C-ED36349BDF61}
		{630B450A-A0F1-4FAD-B0C0-8AE7B11A66D1} = {8D9B477A-5412-49F3-AF3C-ED36349BDF61}
		{49698040-0117-4FD8-BE62-C8E281560351} = {04924136-FAB6-4CC6-AE2C-B3B6583C7A13}
		{326A261E-EA37-4810-BF44-B05FFC1632E1} = {04924136-FAB6-4CC6-AE2C-B3B6583C7A13}
		{747E7DAD-06EB-4C0B-BA45-9AD29302662C} = {4843E296-70BF-432D-B186-9E98ACE6B53C}
		{7D94BC8D-8347-46AC-818C-B9F59A1D1E03} = {4843E296-70BF-432D-B186-9E98ACE6B53C}
		{BBD32458-B1FC-46AB-A1CB-C53E615D0468} = {49698040-0117-4FD8-BE62-C8E281560351}
	EndGlobalSection
EndGlobal
